
Microsoft Visual Studio Solution File, Format Version 12.00
# Visual Studio Version 16
VisualStudioVersion = 16.0.30128.74
MinimumVisualStudioVersion = 10.0.40219.1
Project("{9A19103F-16F7-4668-BE54-9A1E7A4F7556}") = "L298N", "Motor Drivers\L298N\L298N Library\L298N.csproj", "{9A150D24-C110-46D5-AB05-D6B13824BD65}"
EndProject
Project("{9A19103F-16F7-4668-BE54-9A1E7A4F7556}") = "L298N-Tests", "Motor Drivers\L298N\Tests\L298N-Tests\L298N-Tests.csproj", "{594EC0BE-A0F6-4B02-B41A-306A7AC4159C}"
EndProject
Project("{FAE04EC0-301F-11D3-BF4B-00C04F79EFBC}") = "SkyhoshiRobotics.Interfaces Library", "Interface Libraries\Interface Library\SkyhoshiRobotics.Interfaces Library.csproj", "{47660A09-48A0-45C4-8B30-5A603B46DF81}"
EndProject
Project("{FAE04EC0-301F-11D3-BF4B-00C04F79EFBC}") = "SkyhoshiRobotics.DerivedTypes Library", "Derived Libraries\SkyhoshiRobotics.DerivedTypes Library\SkyhoshiRobotics.DerivedTypes Library.csproj", "{860A2A8A-6797-4665-8654-AA39A388C226}"
EndProject
Project("{2150E333-8FDC-42A3-9474-1A3956D46DE8}") = "Libraries", "Libraries", "{FB760EF3-721B-44A7-BAFD-FA6B7644C376}"
EndProject
Global
	GlobalSection(SolutionConfigurationPlatforms) = preSolution
		Debug|Any CPU = Debug|Any CPU
		Release|Any CPU = Release|Any CPU
	EndGlobalSection
	GlobalSection(ProjectConfigurationPlatforms) = postSolution
		{9A150D24-C110-46D5-AB05-D6B13824BD65}.Debug|Any CPU.ActiveCfg = Debug|Any CPU
		{9A150D24-C110-46D5-AB05-D6B13824BD65}.Debug|Any CPU.Build.0 = Debug|Any CPU
		{9A150D24-C110-46D5-AB05-D6B13824BD65}.Release|Any CPU.ActiveCfg = Release|Any CPU
		{9A150D24-C110-46D5-AB05-D6B13824BD65}.Release|Any CPU.Build.0 = Release|Any CPU
		{594EC0BE-A0F6-4B02-B41A-306A7AC4159C}.Debug|Any CPU.ActiveCfg = Debug|Any CPU
		{594EC0BE-A0F6-4B02-B41A-306A7AC4159C}.Debug|Any CPU.Build.0 = Debug|Any CPU
		{594EC0BE-A0F6-4B02-B41A-306A7AC4159C}.Release|Any CPU.ActiveCfg = Release|Any CPU
		{594EC0BE-A0F6-4B02-B41A-306A7AC4159C}.Release|Any CPU.Build.0 = Release|Any CPU
		{47660A09-48A0-45C4-8B30-5A603B46DF81}.Debug|Any CPU.ActiveCfg = Debug|Any CPU
		{47660A09-48A0-45C4-8B30-5A603B46DF81}.Debug|Any CPU.Build.0 = Debug|Any CPU
		{47660A09-48A0-45C4-8B30-5A603B46DF81}.Release|Any CPU.ActiveCfg = Release|Any CPU
		{47660A09-48A0-45C4-8B30-5A603B46DF81}.Release|Any CPU.Build.0 = Release|Any CPU
		{860A2A8A-6797-4665-8654-AA39A388C226}.Debug|Any CPU.ActiveCfg = Debug|Any CPU
		{860A2A8A-6797-4665-8654-AA39A388C226}.Debug|Any CPU.Build.0 = Debug|Any CPU
		{860A2A8A-6797-4665-8654-AA39A388C226}.Release|Any CPU.ActiveCfg = Release|Any CPU
		{860A2A8A-6797-4665-8654-AA39A388C226}.Release|Any CPU.Build.0 = Release|Any CPU
	EndGlobalSection
	GlobalSection(SolutionProperties) = preSolution
		HideSolutionNode = FALSE
	EndGlobalSection
	GlobalSection(NestedProjects) = preSolution
		{47660A09-48A0-45C4-8B30-5A603B46DF81} = {FB760EF3-721B-44A7-BAFD-FA6B7644C376}
		{860A2A8A-6797-4665-8654-AA39A388C226} = {FB760EF3-721B-44A7-BAFD-FA6B7644C376}
	EndGlobalSection
	GlobalSection(ExtensibilityGlobals) = postSolution
		SolutionGuid = {9FAE065B-FC55-4FFD-8542-D98AD08C7559}
	EndGlobalSection
EndGlobal
